
Microsoft Visual Studio Solution File, Format Version 11.00
# Visual Studio 2010
Project("{FAE04EC0-301F-11D3-BF4B-00C04F79EFBC}") = "SurfaceUDP", "SurfaceUDP\SurfaceUDP.csproj", "{13363519-D8CE-432A-925D-9A102C25B1EC}"
EndProject
Global
	GlobalSection(SolutionConfigurationPlatforms) = preSolution
		Debug|Any CPU = Debug|Any CPU
		Release|Any CPU = Release|Any CPU
	EndGlobalSection
	GlobalSection(ProjectConfigurationPlatforms) = postSolution
		{13363519-D8CE-432A-925D-9A102C25B1EC}.Debug|Any CPU.ActiveCfg = Debug|Any CPU
		{13363519-D8CE-432A-925D-9A102C25B1EC}.Debug|Any CPU.Build.0 = Debug|Any CPU
		{13363519-D8CE-432A-925D-9A102C25B1EC}.Release|Any CPU.ActiveCfg = Release|Any CPU
		{13363519-D8CE-432A-925D-9A102C25B1EC}.Release|Any CPU.Build.0 = Release|Any CPU
	EndGlobalSection
	GlobalSection(SolutionProperties) = preSolution
		HideSolutionNode = FALSE
	EndGlobalSection
EndGlobal
